PODS:
  - Masonry (1.0.2)
  - TFVideoPlayer (0.0.2):
    - Masonry (~> 1.0.2)

DEPENDENCIES:
  - TFVideoPlayer (from `../TFVideoPlayer.podspec`)

EXTERNAL SOURCES:
  TFVideoPlayer:
    :path: ../TFVideoPlayer.podspec

SPEC CHECKSUMS:
  Masonry: 7c429b56da9d4ee0bbb3ed77a5ea710d6a5df39e
  TFVideoPlayer: a19540e652124a7aab44316ac512d62c2007a953

PODFILE CHECKSUM: 3a5a0433a320216d58abcc3ecb16775e6b91a15a

COCOAPODS: 1.3.1
